
Microsoft Visual Studio Solution File, Format Version 12.00
# Visual Studio Version 17
VisualStudioVersion = 17.9.34728.123
MinimumVisualStudioVersion = 10.0.40219.1
Project("{FAE04EC0-301F-11D3-BF4B-00C04F79EFBC}") = "ExampleCode", "ExampleCode\ExampleCode.csproj", "{2FEDDC6A-4593-4C92-B61C-67B34624F6F5}"
EndProject
Global
	GlobalSection(SolutionConfigurationPlatforms) = preSolution
		Debug|Any CPU = Debug|Any CPU
		Release|Any CPU = Release|Any CPU
	EndGlobalSection
	GlobalSection(ProjectConfigurationPlatforms) = postSolution
		{2FEDDC6A-4593-4C92-B61C-67B34624F6F5}.Debug|Any CPU.ActiveCfg = Debug|Any CPU
		{2FEDDC6A-4593-4C92-B61C-67B34624F6F5}.Debug|Any CPU.Build.0 = Debug|Any CPU
		{2FEDDC6A-4593-4C92-B61C-67B34624F6F5}.Release|Any CPU.ActiveCfg = Release|Any CPU
		{2FEDDC6A-4593-4C92-B61C-67B34624F6F5}.Release|Any CPU.Build.0 = Release|Any CPU
	EndGlobalSection
	GlobalSection(SolutionProperties) = preSolution
		HideSolutionNode = FALSE
	EndGlobalSection
	GlobalSection(ExtensibilityGlobals) = postSolution
		SolutionGuid = {B8D2EA69-9047-42C3-A92E-F73F25038D3B}
	EndGlobalSection
EndGlobal
